
Microsoft Visual Studio Solution File, Format Version 12.00
# Visual Studio Version 16
VisualStudioVersion = 16.0.28822.285
MinimumVisualStudioVersion = 10.0.40219.1
Project("{FAE04EC0-301F-11D3-BF4B-00C04F79EFBC}") = "EPos.Web", "EPos.Web\EPos.Web.csproj", "{7569DC3D-49A4-48B7-9668-192DB748BAD5}"
EndProject
Project("{FAE04EC0-301F-11D3-BF4B-00C04F79EFBC}") = "EPos.Common", "EPos.Common\EPos.Common.csproj", "{EBBEF2D4-8281-4D6D-8402-02773FF3DB17}"
EndProject
Project("{FAE04EC0-301F-11D3-BF4B-00C04F79EFBC}") = "EPos.Entities", "EPos.Entities\EPos.Entities.csproj", "{9F7DA32B-BFC0-4B7C-A4C0-ADDE4FCC7984}"
EndProject
Project("{FAE04EC0-301F-11D3-BF4B-00C04F79EFBC}") = "EPos.Repo", "EPos.Repo\EPos.Repo.csproj", "{6BCEC44B-871E-4305-A963-E3BAFAC8DEBE}"
EndProject
Project("{FAE04EC0-301F-11D3-BF4B-00C04F79EFBC}") = "EPos.Services", "EPos.Services\EPos.Services.csproj", "{A340DD06-68B4-4DBB-B111-A3F82B1F7C7D}"
EndProject
Global
	GlobalSection(SolutionConfigurationPlatforms) = preSolution
		Debug|Any CPU = Debug|Any CPU
		Release|Any CPU = Release|Any CPU
	EndGlobalSection
	GlobalSection(ProjectConfigurationPlatforms) = postSolution
		{7569DC3D-49A4-48B7-9668-192DB748BAD5}.Debug|Any CPU.ActiveCfg = Debug|Any CPU
		{7569DC3D-49A4-48B7-9668-192DB748BAD5}.Debug|Any CPU.Build.0 = Debug|Any CPU
		{7569DC3D-49A4-48B7-9668-192DB748BAD5}.Release|Any CPU.ActiveCfg = Release|Any CPU
		{7569DC3D-49A4-48B7-9668-192DB748BAD5}.Release|Any CPU.Build.0 = Release|Any CPU
		{EBBEF2D4-8281-4D6D-8402-02773FF3DB17}.Debug|Any CPU.ActiveCfg = Debug|Any CPU
		{EBBEF2D4-8281-4D6D-8402-02773FF3DB17}.Debug|Any CPU.Build.0 = Debug|Any CPU
		{EBBEF2D4-8281-4D6D-8402-02773FF3DB17}.Release|Any CPU.ActiveCfg = Release|Any CPU
		{EBBEF2D4-8281-4D6D-8402-02773FF3DB17}.Release|Any CPU.Build.0 = Release|Any CPU
		{9F7DA32B-BFC0-4B7C-A4C0-ADDE4FCC7984}.Debug|Any CPU.ActiveCfg = Debug|Any CPU
		{9F7DA32B-BFC0-4B7C-A4C0-ADDE4FCC7984}.Debug|Any CPU.Build.0 = Debug|Any CPU
		{9F7DA32B-BFC0-4B7C-A4C0-ADDE4FCC7984}.Release|Any CPU.ActiveCfg = Release|Any CPU
		{9F7DA32B-BFC0-4B7C-A4C0-ADDE4FCC7984}.Release|Any CPU.Build.0 = Release|Any CPU
		{6BCEC44B-871E-4305-A963-E3BAFAC8DEBE}.Debug|Any CPU.ActiveCfg = Debug|Any CPU
		{6BCEC44B-871E-4305-A963-E3BAFAC8DEBE}.Debug|Any CPU.Build.0 = Debug|Any CPU
		{6BCEC44B-871E-4305-A963-E3BAFAC8DEBE}.Release|Any CPU.ActiveCfg = Release|Any CPU
		{6BCEC44B-871E-4305-A963-E3BAFAC8DEBE}.Release|Any CPU.Build.0 = Release|Any CPU
		{A340DD06-68B4-4DBB-B111-A3F82B1F7C7D}.Debug|Any CPU.ActiveCfg = Debug|Any CPU
		{A340DD06-68B4-4DBB-B111-A3F82B1F7C7D}.Debug|Any CPU.Build.0 = Debug|Any CPU
		{A340DD06-68B4-4DBB-B111-A3F82B1F7C7D}.Release|Any CPU.ActiveCfg = Release|Any CPU
		{A340DD06-68B4-4DBB-B111-A3F82B1F7C7D}.Release|Any CPU.Build.0 = Release|Any CPU
	EndGlobalSection
	GlobalSection(SolutionProperties) = preSolution
		HideSolutionNode = FALSE
	EndGlobalSection
	GlobalSection(ExtensibilityGlobals) = postSolution
		SolutionGuid = {20A5D634-BC2C-4041-AECF-BC250BA03D3D}
	EndGlobalSection
EndGlobal
